
Microsoft Visual Studio Solution File, Format Version 12.00
# Visual Studio Version 16
VisualStudioVersion = 16.0.32602.291
MinimumVisualStudioVersion = 10.0.40219.1
Project("{FAE04EC0-301F-11D3-BF4B-00C04F79EFBC}") = "ConsoleApp17_Lambda", "ConsoleApp17_Lambda.csproj", "{3F3B022B-B20B-4A73-A7C0-5ECFB9445114}"
EndProject
Project("{FAE04EC0-301F-11D3-BF4B-00C04F79EFBC}") = "ConsoleApp18_Lambda_Action", "..\ConsoleApp18_Lambda_Action\ConsoleApp18_Lambda_Action.csproj", "{5F174478-68E7-43CC-BAC9-BD7247B26F62}"
EndProject
Global
	GlobalSection(SolutionConfigurationPlatforms) = preSolution
		Debug|Any CPU = Debug|Any CPU
		Release|Any CPU = Release|Any CPU
	EndGlobalSection
	GlobalSection(ProjectConfigurationPlatforms) = postSolution
		{3F3B022B-B20B-4A73-A7C0-5ECFB9445114}.Debug|Any CPU.ActiveCfg = Debug|Any CPU
		{3F3B022B-B20B-4A73-A7C0-5ECFB9445114}.Debug|Any CPU.Build.0 = Debug|Any CPU
		{3F3B022B-B20B-4A73-A7C0-5ECFB9445114}.Release|Any CPU.ActiveCfg = Release|Any CPU
		{3F3B022B-B20B-4A73-A7C0-5ECFB9445114}.Release|Any CPU.Build.0 = Release|Any CPU
		{5F174478-68E7-43CC-BAC9-BD7247B26F62}.Debug|Any CPU.ActiveCfg = Debug|Any CPU
		{5F174478-68E7-43CC-BAC9-BD7247B26F62}.Debug|Any CPU.Build.0 = Debug|Any CPU
		{5F174478-68E7-43CC-BAC9-BD7247B26F62}.Release|Any CPU.ActiveCfg = Release|Any CPU
		{5F174478-68E7-43CC-BAC9-BD7247B26F62}.Release|Any CPU.Build.0 = Release|Any CPU
	EndGlobalSection
	GlobalSection(SolutionProperties) = preSolution
		HideSolutionNode = FALSE
	EndGlobalSection
	GlobalSection(ExtensibilityGlobals) = postSolution
		SolutionGuid = {E6A7A476-D1C0-4462-A7F0-FCB1CBE56849}
	EndGlobalSection
EndGlobal
