
Microsoft Visual Studio Solution File, Format Version 12.00
# Visual Studio Version 16
VisualStudioVersion = 16.0.32602.291
MinimumVisualStudioVersion = 10.0.40219.1
Project("{FAE04EC0-301F-11D3-BF4B-00C04F79EFBC}") = "ConsoleApp19_Lambda_ACtion", "ConsoleApp19_Lambda_ACtion.csproj", "{E28B7A18-582A-42D7-B16A-1A64353B159C}"
EndProject
Global
	GlobalSection(SolutionConfigurationPlatforms) = preSolution
		Debug|Any CPU = Debug|Any CPU
		Release|Any CPU = Release|Any CPU
	EndGlobalSection
	GlobalSection(ProjectConfigurationPlatforms) = postSolution
		{E28B7A18-582A-42D7-B16A-1A64353B159C}.Debug|Any CPU.ActiveCfg = Debug|Any CPU
		{E28B7A18-582A-42D7-B16A-1A64353B159C}.Debug|Any CPU.Build.0 = Debug|Any CPU
		{E28B7A18-582A-42D7-B16A-1A64353B159C}.Release|Any CPU.ActiveCfg = Release|Any CPU
		{E28B7A18-582A-42D7-B16A-1A64353B159C}.Release|Any CPU.Build.0 = Release|Any CPU
	EndGlobalSection
	GlobalSection(SolutionProperties) = preSolution
		HideSolutionNode = FALSE
	EndGlobalSection
	GlobalSection(ExtensibilityGlobals) = postSolution
		SolutionGuid = {DA235A81-2C33-4182-AAFA-9AB848A35547}
	EndGlobalSection
EndGlobal
