
Microsoft Visual Studio Solution File, Format Version 12.00
# Visual Studio Version 16
VisualStudioVersion = 16.0.32602.291
MinimumVisualStudioVersion = 10.0.40219.1
Project("{FAE04EC0-301F-11D3-BF4B-00C04F79EFBC}") = "ConsoleApp5", "ConsoleApp5.csproj", "{815CDD59-DE18-4554-A329-1DF2158FC133}"
EndProject
Global
	GlobalSection(SolutionConfigurationPlatforms) = preSolution
		Debug|Any CPU = Debug|Any CPU
		Release|Any CPU = Release|Any CPU
	EndGlobalSection
	GlobalSection(ProjectConfigurationPlatforms) = postSolution
		{815CDD59-DE18-4554-A329-1DF2158FC133}.Debug|Any CPU.ActiveCfg = Debug|Any CPU
		{815CDD59-DE18-4554-A329-1DF2158FC133}.Debug|Any CPU.Build.0 = Debug|Any CPU
		{815CDD59-DE18-4554-A329-1DF2158FC133}.Release|Any CPU.ActiveCfg = Release|Any CPU
		{815CDD59-DE18-4554-A329-1DF2158FC133}.Release|Any CPU.Build.0 = Release|Any CPU
	EndGlobalSection
	GlobalSection(SolutionProperties) = preSolution
		HideSolutionNode = FALSE
	EndGlobalSection
	GlobalSection(ExtensibilityGlobals) = postSolution
		SolutionGuid = {6E6468AD-555D-4540-A693-67C80774275E}
	EndGlobalSection
EndGlobal
