
Microsoft Visual Studio Solution File, Format Version 12.00
# Visual Studio Version 16
VisualStudioVersion = 16.0.32602.291
MinimumVisualStudioVersion = 10.0.40219.1
Project("{FAE04EC0-301F-11D3-BF4B-00C04F79EFBC}") = "ConsoleApp13_NoNameMethod", "ConsoleApp13_NoNameMethod.csproj", "{4861BB53-64B2-4830-B1EF-CD0699F9F2FE}"
EndProject
Global
	GlobalSection(SolutionConfigurationPlatforms) = preSolution
		Debug|Any CPU = Debug|Any CPU
		Release|Any CPU = Release|Any CPU
	EndGlobalSection
	GlobalSection(ProjectConfigurationPlatforms) = postSolution
		{4861BB53-64B2-4830-B1EF-CD0699F9F2FE}.Debug|Any CPU.ActiveCfg = Debug|Any CPU
		{4861BB53-64B2-4830-B1EF-CD0699F9F2FE}.Debug|Any CPU.Build.0 = Debug|Any CPU
		{4861BB53-64B2-4830-B1EF-CD0699F9F2FE}.Release|Any CPU.ActiveCfg = Release|Any CPU
		{4861BB53-64B2-4830-B1EF-CD0699F9F2FE}.Release|Any CPU.Build.0 = Release|Any CPU
	EndGlobalSection
	GlobalSection(SolutionProperties) = preSolution
		HideSolutionNode = FALSE
	EndGlobalSection
	GlobalSection(ExtensibilityGlobals) = postSolution
		SolutionGuid = {4D07963D-C93C-4B30-B1EE-B53BD8533FE5}
	EndGlobalSection
EndGlobal
